{
  "pins" : [
    {
      "identity" : "audiokit",
      "kind" : "remoteSourceControl",
      "location" : "https://github.com/AudioKit/AudioKit",
      "state" : {
        "branch" : "main",
        "revision" : "ca98ae3f774d0ba155f1229f4dec96b80a5f5f69"
      }
    },
    {
      "identity" : "utilityandbeyond",
      "kind" : "remoteSourceControl",
      "location" : "https://github.com/Matt54/UtilityAndBeyond.git",
      "state" : {
        "branch" : "main",
        "revision" : "c10a25ee43b08ff183801c4ba36a48866fb5c533"
      }
    }
  ],
  "version" : 2
}
