{
  "pins" : [
    {
      "identity" : "audiokit",
      "kind" : "remoteSourceControl",
      "location" : "https://github.com/AudioKit/AudioKit",
      "state" : {
        "branch" : "develop",
        "revision" : "f1486c6b5e1caa0f7bfcfe539167f4c8a507e529"
      }
    },
    {
      "identity" : "utilityandbeyond",
      "kind" : "remoteSourceControl",
      "location" : "https://github.com/Matt54/UtilityAndBeyond.git",
      "state" : {
        "branch" : "main",
        "revision" : "f8dde410c12d29a7a9aa5d99272a7444e374a819"
      }
    }
  ],
  "version" : 2
}
